
Microsoft Visual Studio Solution File, Format Version 12.00
# Visual Studio 15
VisualStudioVersion = 15.0.28307.1684
MinimumVisualStudioVersion = 10.0.40219.1
Project("{FAE04EC0-301F-11D3-BF4B-00C04F79EFBC}") = "ConsoleApp1", "ConsoleApp1\ConsoleApp1.csproj", "{AFC9EF45-E239-4D2E-81CD-97B3FD0FE022}"
EndProject
Global
	GlobalSection(SolutionConfigurationPlatforms) = preSolution
		Debug|Any CPU = Debug|Any CPU
		Release|Any CPU = Release|Any CPU
	EndGlobalSection
	GlobalSection(ProjectConfigurationPlatforms) = postSolution
		{AFC9EF45-E239-4D2E-81CD-97B3FD0FE022}.Debug|Any CPU.ActiveCfg = Debug|Any CPU
		{AFC9EF45-E239-4D2E-81CD-97B3FD0FE022}.Debug|Any CPU.Build.0 = Debug|Any CPU
		{AFC9EF45-E239-4D2E-81CD-97B3FD0FE022}.Release|Any CPU.ActiveCfg = Release|Any CPU
		{AFC9EF45-E239-4D2E-81CD-97B3FD0FE022}.Release|Any CPU.Build.0 = Release|Any CPU
	EndGlobalSection
	GlobalSection(SolutionProperties) = preSolution
		HideSolutionNode = FALSE
	EndGlobalSection
	GlobalSection(ExtensibilityGlobals) = postSolution
		SolutionGuid = {7059D6FA-084C-4766-88CA-7216366AD911}
	EndGlobalSection
EndGlobal
